
Microsoft Visual Studio Solution File, Format Version 12.00
# Visual Studio Version 16
VisualStudioVersion = 16.0.31729.503
MinimumVisualStudioVersion = 10.0.40219.1
Project("{FAE04EC0-301F-11D3-BF4B-00C04F79EFBC}") = "E_Learning", "E_Learning\E_Learning.csproj", "{E8350DFB-A7F0-4063-9D7A-F872CFCA5B77}"
EndProject
Global
	GlobalSection(SolutionConfigurationPlatforms) = preSolution
		Debug|Any CPU = Debug|Any CPU
		Release|Any CPU = Release|Any CPU
	EndGlobalSection
	GlobalSection(ProjectConfigurationPlatforms) = postSolution
		{E8350DFB-A7F0-4063-9D7A-F872CFCA5B77}.Debug|Any CPU.ActiveCfg = Debug|Any CPU
		{E8350DFB-A7F0-4063-9D7A-F872CFCA5B77}.Debug|Any CPU.Build.0 = Debug|Any CPU
		{E8350DFB-A7F0-4063-9D7A-F872CFCA5B77}.Release|Any CPU.ActiveCfg = Release|Any CPU
		{E8350DFB-A7F0-4063-9D7A-F872CFCA5B77}.Release|Any CPU.Build.0 = Release|Any CPU
	EndGlobalSection
	GlobalSection(SolutionProperties) = preSolution
		HideSolutionNode = FALSE
	EndGlobalSection
	GlobalSection(ExtensibilityGlobals) = postSolution
		SolutionGuid = {80BB8B41-1BFD-461C-B33D-E15F3443FFEB}
	EndGlobalSection
EndGlobal
